
Microsoft Visual Studio Solution File, Format Version 12.00
# Visual Studio Version 17
VisualStudioVersion = 17.8.34322.80
MinimumVisualStudioVersion = 10.0.40219.1
Project("{FAE04EC0-301F-11D3-BF4B-00C04F79EFBC}") = "Bookify.web", "Bookify.web\Bookify.web.csproj", "{F4686A30-E5A2-4632-A0D4-9CE87070A1A4}"
EndProject
Global
	GlobalSection(SolutionConfigurationPlatforms) = preSolution
		Debug|Any CPU = Debug|Any CPU
		Release|Any CPU = Release|Any CPU
	EndGlobalSection
	GlobalSection(ProjectConfigurationPlatforms) = postSolution
		{F4686A30-E5A2-4632-A0D4-9CE87070A1A4}.Debug|Any CPU.ActiveCfg = Debug|Any CPU
		{F4686A30-E5A2-4632-A0D4-9CE87070A1A4}.Debug|Any CPU.Build.0 = Debug|Any CPU
		{F4686A30-E5A2-4632-A0D4-9CE87070A1A4}.Release|Any CPU.ActiveCfg = Release|Any CPU
		{F4686A30-E5A2-4632-A0D4-9CE87070A1A4}.Release|Any CPU.Build.0 = Release|Any CPU
	EndGlobalSection
	GlobalSection(SolutionProperties) = preSolution
		HideSolutionNode = FALSE
	EndGlobalSection
	GlobalSection(ExtensibilityGlobals) = postSolution
		SolutionGuid = {26122A4C-E09F-431F-87C1-9379D4164B59}
	EndGlobalSection
EndGlobal
